
Microsoft Visual Studio Solution File, Format Version 12.00
# Visual Studio Version 16
VisualStudioVersion = 16.0.29503.13
MinimumVisualStudioVersion = 10.0.40219.1
Project("{FAE04EC0-301F-11D3-BF4B-00C04F79EFBC}") = "Homework1", "Homework1\Homework1.csproj", "{17D55862-0CF0-4922-8A44-43B651D580CC}"
EndProject
Global
	GlobalSection(SolutionConfigurationPlatforms) = preSolution
		Debug|Any CPU = Debug|Any CPU
		Release|Any CPU = Release|Any CPU
	EndGlobalSection
	GlobalSection(ProjectConfigurationPlatforms) = postSolution
		{17D55862-0CF0-4922-8A44-43B651D580CC}.Debug|Any CPU.ActiveCfg = Debug|Any CPU
		{17D55862-0CF0-4922-8A44-43B651D580CC}.Debug|Any CPU.Build.0 = Debug|Any CPU
		{17D55862-0CF0-4922-8A44-43B651D580CC}.Release|Any CPU.ActiveCfg = Release|Any CPU
		{17D55862-0CF0-4922-8A44-43B651D580CC}.Release|Any CPU.Build.0 = Release|Any CPU
	EndGlobalSection
	GlobalSection(SolutionProperties) = preSolution
		HideSolutionNode = FALSE
	EndGlobalSection
	GlobalSection(ExtensibilityGlobals) = postSolution
		SolutionGuid = {0CA0F2B3-66CE-460F-ACFC-AAEA5CD2DE95}
	EndGlobalSection
EndGlobal
